{
  "nodes": {
    "flake-utils": {
      "locked": {
        "lastModified": 1667395993,
        "narHash": "sha256-nuEHfE/LcWyuSWnS8t12N1wc105Qtau+/OdUAjtQ0rA=",
        "owner": "numtide",
        "repo": "flake-utils",
        "rev": "5aed5285a952e0b949eb3ba02c12fa4fcfef535f",
        "type": "github"
      },
      "original": {
        "owner": "numtide",
        "repo": "flake-utils",
        "type": "github"
      }
    },
    "flake-utils_2": {
      "locked": {
        "lastModified": 1659877975,
        "narHash": "sha256-zllb8aq3YO3h8B/U0/J1WBgAL8EX5yWf5pMj3G0NAmc=",
        "owner": "numtide",
        "repo": "flake-utils",
        "rev": "c0e246b9b83f637f4681389ecabcb2681b4f3af0",
        "type": "github"
      },
      "original": {
        "owner": "numtide",
        "repo": "flake-utils",
        "type": "github"
      }
    },
    "flake-utils_3": {
      "locked": {
        "lastModified": 1659877975,
        "narHash": "sha256-zllb8aq3YO3h8B/U0/J1WBgAL8EX5yWf5pMj3G0NAmc=",
        "owner": "numtide",
        "repo": "flake-utils",
        "rev": "c0e246b9b83f637f4681389ecabcb2681b4f3af0",
        "type": "github"
      },
      "original": {
        "owner": "numtide",
        "repo": "flake-utils",
        "type": "github"
      }
    },
    "nixpkgs": {
      "locked": {
        "lastModified": 1674696527,
        "narHash": "sha256-NF0UKPkBYHiFsw0W9RjvtrYOISAlE2K/dhFkb34+CB4=",
        "owner": "NixOS",
        "repo": "nixpkgs",
        "rev": "b823c2a2fabeaee60704fb5adb762dcc8d984c81",
        "type": "github"
      },
      "original": {
        "owner": "NixOS",
        "repo": "nixpkgs",
        "type": "github"
      }
    },
    "nixpkgs_2": {
      "locked": {
        "lastModified": 1665296151,
        "narHash": "sha256-uOB0oxqxN9K7XGF1hcnY+PQnlQJ+3bP2vCn/+Ru/bbc=",
        "owner": "NixOS",
        "repo": "nixpkgs",
        "rev": "14ccaaedd95a488dd7ae142757884d8e125b3363",
        "type": "github"
      },
      "original": {
        "owner": "NixOS",
        "ref": "nixpkgs-unstable",
        "repo": "nixpkgs",
        "type": "github"
      }
    },
    "nocargo": {
      "inputs": {
        "flake-utils": "flake-utils_2",
        "nixpkgs": [
          "nixpkgs"
        ],
        "registry-crates-io": [
          "registry-crates-io"
        ]
      },
      "locked": {
        "lastModified": 1664387567,
        "narHash": "sha256-ou+5ijcBrliW4znJB9eqO/tqnqBWgP0+O0psQm0VJM4=",
        "owner": "oxalica",
        "repo": "nocargo",
        "rev": "71a18547530901ea0ad10e33482c2cec35b22d80",
        "type": "github"
      },
      "original": {
        "owner": "oxalica",
        "repo": "nocargo",
        "type": "github"
      }
    },
    "registry-crates-io": {
      "flake": false,
      "locked": {
        "lastModified": 1674699366,
        "narHash": "sha256-JkMrxlRK2zu/sOEPRG1m8UaIYtRfq57H2oFWViteKBU=",
        "owner": "rust-lang",
        "repo": "crates.io-index",
        "rev": "b4fdba87666a3a3349d10c7b82dfceb9c368b8ed",
        "type": "github"
      },
      "original": {
        "owner": "rust-lang",
        "repo": "crates.io-index",
        "type": "github"
      }
    },
    "root": {
      "inputs": {
        "flake-utils": "flake-utils",
        "nixpkgs": "nixpkgs",
        "nocargo": "nocargo",
        "registry-crates-io": "registry-crates-io",
        "rust-overlay": "rust-overlay"
      }
    },
    "rust-overlay": {
      "inputs": {
        "flake-utils": "flake-utils_3",
        "nixpkgs": "nixpkgs_2"
      },
      "locked": {
        "lastModified": 1674699969,
        "narHash": "sha256-gkhhGV7zBVoEIl1sFSz67r0d8fTeY57coY/+zDzxrbk=",
        "owner": "oxalica",
        "repo": "rust-overlay",
        "rev": "480f9cc37db841d1fd3ac0b0c059d48e5eb6946c",
        "type": "github"
      },
      "original": {
        "owner": "oxalica",
        "repo": "rust-overlay",
        "type": "github"
      }
    }
  },
  "root": "root",
  "version": 7
}
